
Microsoft Visual Studio Solution File, Format Version 12.00
# Visual Studio 15
VisualStudioVersion = 15.0.28307.168
MinimumVisualStudioVersion = 10.0.40219.1
Project("{FAE04EC0-301F-11D3-BF4B-00C04F79EFBC}") = "Things6.Module", "Things6.Module\Things6.Module.csproj", "{5F15837D-D1E5-44DC-92F0-4F2EBE9C3F8D}"
EndProject
Project("{FAE04EC0-301F-11D3-BF4B-00C04F79EFBC}") = "Things6.Module.Win", "Things6.Module.Win\Things6.Module.Win.csproj", "{7964F87D-BC5D-4C4E-8B2F-71E89739AA97}"
EndProject
Project("{FAE04EC0-301F-11D3-BF4B-00C04F79EFBC}") = "Things6.Win", "Things6.Win\Things6.Win.csproj", "{D05D93DF-312D-4D4E-B980-726871EC7833}"
EndProject
Global
	GlobalSection(SolutionConfigurationPlatforms) = preSolution
		Debug|Any CPU = Debug|Any CPU
		Debug|x64 = Debug|x64
		EasyTest|Any CPU = EasyTest|Any CPU
		EasyTest|x64 = EasyTest|x64
		Release|Any CPU = Release|Any CPU
		Release|x64 = Release|x64
	EndGlobalSection
	GlobalSection(ProjectConfigurationPlatforms) = postSolution
		{5F15837D-D1E5-44DC-92F0-4F2EBE9C3F8D}.Debug|Any CPU.ActiveCfg = Debug|x64
		{5F15837D-D1E5-44DC-92F0-4F2EBE9C3F8D}.Debug|Any CPU.Build.0 = Debug|x64
		{5F15837D-D1E5-44DC-92F0-4F2EBE9C3F8D}.Debug|x64.ActiveCfg = Debug|x64
		{5F15837D-D1E5-44DC-92F0-4F2EBE9C3F8D}.Debug|x64.Build.0 = Debug|x64
		{5F15837D-D1E5-44DC-92F0-4F2EBE9C3F8D}.EasyTest|Any CPU.ActiveCfg = EasyTest|Any CPU
		{5F15837D-D1E5-44DC-92F0-4F2EBE9C3F8D}.EasyTest|Any CPU.Build.0 = EasyTest|Any CPU
		{5F15837D-D1E5-44DC-92F0-4F2EBE9C3F8D}.EasyTest|x64.ActiveCfg = Debug|x64
		{5F15837D-D1E5-44DC-92F0-4F2EBE9C3F8D}.EasyTest|x64.Build.0 = Debug|x64
		{5F15837D-D1E5-44DC-92F0-4F2EBE9C3F8D}.Release|Any CPU.ActiveCfg = Release|Any CPU
		{5F15837D-D1E5-44DC-92F0-4F2EBE9C3F8D}.Release|Any CPU.Build.0 = Release|Any CPU
		{5F15837D-D1E5-44DC-92F0-4F2EBE9C3F8D}.Release|x64.ActiveCfg = Debug|x64
		{5F15837D-D1E5-44DC-92F0-4F2EBE9C3F8D}.Release|x64.Build.0 = Debug|x64
		{7964F87D-BC5D-4C4E-8B2F-71E89739AA97}.Debug|Any CPU.ActiveCfg = Debug|x64
		{7964F87D-BC5D-4C4E-8B2F-71E89739AA97}.Debug|Any CPU.Build.0 = Debug|x64
		{7964F87D-BC5D-4C4E-8B2F-71E89739AA97}.Debug|x64.ActiveCfg = Debug|x64
		{7964F87D-BC5D-4C4E-8B2F-71E89739AA97}.Debug|x64.Build.0 = Debug|x64
		{7964F87D-BC5D-4C4E-8B2F-71E89739AA97}.EasyTest|Any CPU.ActiveCfg = EasyTest|Any CPU
		{7964F87D-BC5D-4C4E-8B2F-71E89739AA97}.EasyTest|Any CPU.Build.0 = EasyTest|Any CPU
		{7964F87D-BC5D-4C4E-8B2F-71E89739AA97}.EasyTest|x64.ActiveCfg = Debug|x64
		{7964F87D-BC5D-4C4E-8B2F-71E89739AA97}.EasyTest|x64.Build.0 = Debug|x64
		{7964F87D-BC5D-4C4E-8B2F-71E89739AA97}.Release|Any CPU.ActiveCfg = Release|Any CPU
		{7964F87D-BC5D-4C4E-8B2F-71E89739AA97}.Release|Any CPU.Build.0 = Release|Any CPU
		{7964F87D-BC5D-4C4E-8B2F-71E89739AA97}.Release|x64.ActiveCfg = Debug|x64
		{7964F87D-BC5D-4C4E-8B2F-71E89739AA97}.Release|x64.Build.0 = Debug|x64
		{D05D93DF-312D-4D4E-B980-726871EC7833}.Debug|Any CPU.ActiveCfg = Debug|x64
		{D05D93DF-312D-4D4E-B980-726871EC7833}.Debug|Any CPU.Build.0 = Debug|x64
		{D05D93DF-312D-4D4E-B980-726871EC7833}.Debug|x64.ActiveCfg = Debug|x64
		{D05D93DF-312D-4D4E-B980-726871EC7833}.Debug|x64.Build.0 = Debug|x64
		{D05D93DF-312D-4D4E-B980-726871EC7833}.EasyTest|Any CPU.ActiveCfg = EasyTest|Any CPU
		{D05D93DF-312D-4D4E-B980-726871EC7833}.EasyTest|Any CPU.Build.0 = EasyTest|Any CPU
		{D05D93DF-312D-4D4E-B980-726871EC7833}.EasyTest|x64.ActiveCfg = Debug|x64
		{D05D93DF-312D-4D4E-B980-726871EC7833}.EasyTest|x64.Build.0 = Debug|x64
		{D05D93DF-312D-4D4E-B980-726871EC7833}.Release|Any CPU.ActiveCfg = Release|Any CPU
		{D05D93DF-312D-4D4E-B980-726871EC7833}.Release|Any CPU.Build.0 = Release|Any CPU
		{D05D93DF-312D-4D4E-B980-726871EC7833}.Release|x64.ActiveCfg = Debug|x64
		{D05D93DF-312D-4D4E-B980-726871EC7833}.Release|x64.Build.0 = Debug|x64
	EndGlobalSection
	GlobalSection(SolutionProperties) = preSolution
		HideSolutionNode = FALSE
	EndGlobalSection
	GlobalSection(ExtensibilityGlobals) = postSolution
		SolutionGuid = {78C3CFDB-C77A-43C3-8CBE-0DCB9C733F20}
	EndGlobalSection
EndGlobal
